<?xml version="1.0" encoding="utf-8"?>
<Project ToolsVersion="4.0" xmlns="http://schemas.microsoft.com/developer/msbuild/2003">
  <ItemGroup>
    <Filter Include="源文件">
      <UniqueIdentifier>{4FC737F1-C7A5-4376-A066-2A32D752A2FF}</UniqueIdentifier>
      <Extensions>cpp;c;cc;cxx;def;odl;idl;hpj;bat;asm;asmx</Extensions>
    </Filter>
    <Filter Include="头文件">
      <UniqueIdentifier>{93995380-89BD-4b04-88EB-625FBE52EBFB}</UniqueIdentifier>
      <Extensions>h;hh;hpp;hxx;hm;inl;inc;xsd</Extensions>
    </Filter>
    <Filter Include="资源文件">
      <UniqueIdentifier>{67DA6AB6-F800-4c08-8B7A-83BB121AAD01}</UniqueIdentifier>
      <Extensions>rc;ico;cur;bmp;dlg;rc2;rct;bin;rgs;gif;jpg;jpeg;jpe;resx;tiff;tif;png;wav;mfcribbon-ms</Extensions>
    </Filter>
  </ItemGroup>
  <ItemGroup>
    <ClInclude Include="MsBase.h">
      <Filter>头文件</Filter>
    </ClInclude>
    <ClInclude Include="MsIndex.h">
      <Filter>头文件</Filter>
    </ClInclude>
    <ClInclude Include="MsItem.h">
      <Filter>头文件</Filter>
    </ClInclude>
    <ClInclude Include="MsNpc.h">
      <Filter>头文件</Filter>
    </ClInclude>
    <ClInclude Include="MsPet.h">
      <Filter>头文件</Filter>
    </ClInclude>
    <ClInclude Include="MsRole.h">
      <Filter>头文件</Filter>
    </ClInclude>
    <ClInclude Include="MsSkill.h">
      <Filter>头文件</Filter>
    </ClInclude>
    <ClInclude Include="MsTask.h">
      <Filter>头文件</Filter>
    </ClInclude>
    <ClInclude Include="MsTeam.h">
      <Filter>头文件</Filter>
    </ClInclude>
    <ClInclude Include="MsMonster.h">
      <Filter>头文件</Filter>
    </ClInclude>
    <ClInclude Include="MSENTITY.H">
      <Filter>头文件</Filter>
    </ClInclude>
  </ItemGroup>
  <ItemGroup>
    <ClCompile Include="MsItem.cpp">
      <Filter>源文件</Filter>
    </ClCompile>
    <ClCompile Include="MsNpc.cpp">
      <Filter>源文件</Filter>
    </ClCompile>
    <ClCompile Include="MsPet.cpp">
      <Filter>源文件</Filter>
    </ClCompile>
    <ClCompile Include="MsRole.cpp">
      <Filter>源文件</Filter>
    </ClCompile>
    <ClCompile Include="MsSkill.cpp">
      <Filter>源文件</Filter>
    </ClCompile>
    <ClCompile Include="MsTask.cpp">
      <Filter>源文件</Filter>
    </ClCompile>
    <ClCompile Include="MsTeam.cpp">
      <Filter>源文件</Filter>
    </ClCompile>
    <ClCompile Include="MsMonster.cpp">
      <Filter>源文件</Filter>
    </ClCompile>
  </ItemGroup>
</Project>